
Microsoft Visual Studio Solution File, Format Version 12.00
# Visual Studio Version 17
VisualStudioVersion = 17.4.33205.214
MinimumVisualStudioVersion = 10.0.40219.1
Project("{FAE04EC0-301F-11D3-BF4B-00C04F79EFBC}") = "AccountTransaction.WebUI", "AccountTransaction.WebUI\AccountTransaction.WebUI.csproj", "{C712C8A7-8F9B-4C91-9022-5D71D5CDD8E2}"
EndProject
Project("{2150E333-8FDC-42A3-9474-1A3956D46DE8}") = "src", "src", "{A2861045-5361-4869-9C88-5A9A5F40C697}"
EndProject
Project("{2150E333-8FDC-42A3-9474-1A3956D46DE8}") = "web", "web", "{DE690F21-754D-4C1C-891A-C8F1126484DB}"
EndProject
Project("{2150E333-8FDC-42A3-9474-1A3956D46DE8}") = "Building Blocks", "Building Blocks", "{38CF5204-EB6B-4B57-8BC3-D0A3D494A11B}"
EndProject
Project("{2150E333-8FDC-42A3-9474-1A3956D46DE8}") = "Core", "Core", "{40F27816-29BB-494D-9931-DFD385D497DC}"
EndProject
Project("{2150E333-8FDC-42A3-9474-1A3956D46DE8}") = "MessageBus", "MessageBus", "{5286E5BD-FF82-49F2-A959-DC4D7724ACAA}"
EndProject
Project("{2150E333-8FDC-42A3-9474-1A3956D46DE8}") = "Services", "Services", "{939A1D88-86B0-4279-B8C2-7341B633CCFF}"
EndProject
Project("{FAE04EC0-301F-11D3-BF4B-00C04F79EFBC}") = "AccountTransaction.WebAPI.Core", "AccountTransaction.WebAPI.Core\AccountTransaction.WebAPI.Core.csproj", "{520ABB38-05A9-4291-BB3D-C438FEDE3A1D}"
EndProject
Project("{FAE04EC0-301F-11D3-BF4B-00C04F79EFBC}") = "AccountTransaction.Core", "AccountTransaction.Core\AccountTransaction.Core.csproj", "{45B04AF2-D2A7-4351-9D1C-736B520A0715}"
EndProject
Project("{2150E333-8FDC-42A3-9474-1A3956D46DE8}") = "Solution Items", "Solution Items", "{7535E8FE-E207-4FD3-AF9C-633BCD20E430}"
	ProjectSection(SolutionItems) = preProject
		.editorconfig = .editorconfig
	EndProjectSection
EndProject
Global
	GlobalSection(SolutionConfigurationPlatforms) = preSolution
		Debug|Any CPU = Debug|Any CPU
		Release|Any CPU = Release|Any CPU
	EndGlobalSection
	GlobalSection(ProjectConfigurationPlatforms) = postSolution
		{C712C8A7-8F9B-4C91-9022-5D71D5CDD8E2}.Debug|Any CPU.ActiveCfg = Debug|Any CPU
		{C712C8A7-8F9B-4C91-9022-5D71D5CDD8E2}.Debug|Any CPU.Build.0 = Debug|Any CPU
		{C712C8A7-8F9B-4C91-9022-5D71D5CDD8E2}.Release|Any CPU.ActiveCfg = Release|Any CPU
		{C712C8A7-8F9B-4C91-9022-5D71D5CDD8E2}.Release|Any CPU.Build.0 = Release|Any CPU
		{520ABB38-05A9-4291-BB3D-C438FEDE3A1D}.Debug|Any CPU.ActiveCfg = Debug|Any CPU
		{520ABB38-05A9-4291-BB3D-C438FEDE3A1D}.Debug|Any CPU.Build.0 = Debug|Any CPU
		{520ABB38-05A9-4291-BB3D-C438FEDE3A1D}.Release|Any CPU.ActiveCfg = Release|Any CPU
		{520ABB38-05A9-4291-BB3D-C438FEDE3A1D}.Release|Any CPU.Build.0 = Release|Any CPU
		{45B04AF2-D2A7-4351-9D1C-736B520A0715}.Debug|Any CPU.ActiveCfg = Debug|Any CPU
		{45B04AF2-D2A7-4351-9D1C-736B520A0715}.Debug|Any CPU.Build.0 = Debug|Any CPU
		{45B04AF2-D2A7-4351-9D1C-736B520A0715}.Release|Any CPU.ActiveCfg = Release|Any CPU
		{45B04AF2-D2A7-4351-9D1C-736B520A0715}.Release|Any CPU.Build.0 = Release|Any CPU
	EndGlobalSection
	GlobalSection(SolutionProperties) = preSolution
		HideSolutionNode = FALSE
	EndGlobalSection
	GlobalSection(NestedProjects) = preSolution
		{C712C8A7-8F9B-4C91-9022-5D71D5CDD8E2} = {DE690F21-754D-4C1C-891A-C8F1126484DB}
		{DE690F21-754D-4C1C-891A-C8F1126484DB} = {A2861045-5361-4869-9C88-5A9A5F40C697}
		{38CF5204-EB6B-4B57-8BC3-D0A3D494A11B} = {A2861045-5361-4869-9C88-5A9A5F40C697}
		{40F27816-29BB-494D-9931-DFD385D497DC} = {38CF5204-EB6B-4B57-8BC3-D0A3D494A11B}
		{5286E5BD-FF82-49F2-A959-DC4D7724ACAA} = {38CF5204-EB6B-4B57-8BC3-D0A3D494A11B}
		{939A1D88-86B0-4279-B8C2-7341B633CCFF} = {38CF5204-EB6B-4B57-8BC3-D0A3D494A11B}
		{520ABB38-05A9-4291-BB3D-C438FEDE3A1D} = {939A1D88-86B0-4279-B8C2-7341B633CCFF}
		{45B04AF2-D2A7-4351-9D1C-736B520A0715} = {40F27816-29BB-494D-9931-DFD385D497DC}
	EndGlobalSection
	GlobalSection(ExtensibilityGlobals) = postSolution
		SolutionGuid = {3823974C-9006-435A-8376-B40DD6D4D547}
	EndGlobalSection
EndGlobal
